
Microsoft Visual Studio Solution File, Format Version 12.00
# Visual Studio Version 16
VisualStudioVersion = 16.0.30204.135
MinimumVisualStudioVersion = 10.0.40219.1
Project("{FAE04EC0-301F-11D3-BF4B-00C04F79EFBC}") = "DotNetFramework.Client", "src\DotNetFramework.Client\DotNetFramework.Client.csproj", "{525E4DDA-485E-4D9B-BBAB-155E987E28F6}"
EndProject
Project("{9A19103F-16F7-4668-BE54-9A1E7A4F7556}") = "AspNetCore.Client", "src\AspNetCore.Client\AspNetCore.Client.csproj", "{290346D8-C908-4A51-BA3D-25B0304CAFE7}"
EndProject
Global
	GlobalSection(SolutionConfigurationPlatforms) = preSolution
		Debug|Any CPU = Debug|Any CPU
		Release|Any CPU = Release|Any CPU
	EndGlobalSection
	GlobalSection(ProjectConfigurationPlatforms) = postSolution
		{525E4DDA-485E-4D9B-BBAB-155E987E28F6}.Debug|Any CPU.ActiveCfg = Debug|Any CPU
		{525E4DDA-485E-4D9B-BBAB-155E987E28F6}.Debug|Any CPU.Build.0 = Debug|Any CPU
		{525E4DDA-485E-4D9B-BBAB-155E987E28F6}.Release|Any CPU.ActiveCfg = Release|Any CPU
		{525E4DDA-485E-4D9B-BBAB-155E987E28F6}.Release|Any CPU.Build.0 = Release|Any CPU
		{290346D8-C908-4A51-BA3D-25B0304CAFE7}.Debug|Any CPU.ActiveCfg = Debug|Any CPU
		{290346D8-C908-4A51-BA3D-25B0304CAFE7}.Debug|Any CPU.Build.0 = Debug|Any CPU
		{290346D8-C908-4A51-BA3D-25B0304CAFE7}.Release|Any CPU.ActiveCfg = Release|Any CPU
		{290346D8-C908-4A51-BA3D-25B0304CAFE7}.Release|Any CPU.Build.0 = Release|Any CPU
	EndGlobalSection
	GlobalSection(SolutionProperties) = preSolution
		HideSolutionNode = FALSE
	EndGlobalSection
	GlobalSection(ExtensibilityGlobals) = postSolution
		SolutionGuid = {D8C2D301-4058-49D4-9200-0AC7590746B2}
	EndGlobalSection
EndGlobal
